
Microsoft Visual Studio Solution File, Format Version 12.00
# Visual Studio 15
VisualStudioVersion = 15.0.28307.438
MinimumVisualStudioVersion = 10.0.40219.1
Project("{FAE04EC0-301F-11D3-BF4B-00C04F79EFBC}") = "SetLocalDateTime", "SetLocalDateTime\SetLocalDateTime.csproj", "{A886E08F-B93F-414E-894A-3D264109FCE3}"
EndProject
Global
	GlobalSection(SolutionConfigurationPlatforms) = preSolution
		Debug|Any CPU = Debug|Any CPU
		Release|Any CPU = Release|Any CPU
	EndGlobalSection
	GlobalSection(ProjectConfigurationPlatforms) = postSolution
		{A886E08F-B93F-414E-894A-3D264109FCE3}.Debug|Any CPU.ActiveCfg = Debug|Any CPU
		{A886E08F-B93F-414E-894A-3D264109FCE3}.Debug|Any CPU.Build.0 = Debug|Any CPU
		{A886E08F-B93F-414E-894A-3D264109FCE3}.Release|Any CPU.ActiveCfg = Release|Any CPU
		{A886E08F-B93F-414E-894A-3D264109FCE3}.Release|Any CPU.Build.0 = Release|Any CPU
	EndGlobalSection
	GlobalSection(SolutionProperties) = preSolution
		HideSolutionNode = FALSE
	EndGlobalSection
	GlobalSection(ExtensibilityGlobals) = postSolution
		SolutionGuid = {FD1B8ADD-C28C-4B42-8B43-3BF8E9D68878}
	EndGlobalSection
EndGlobal
